# THIS IS AN AUTOGENERATED FILE. DO NOT EDIT THIS FILE DIRECTLY.
# yarn lockfile v1


itty-router@^2.1.9:
  version "2.1.9"
  resolved "https://registry.yarnpkg.com/itty-router/-/itty-router-2.1.9.tgz#cf03c06a1e105e903888e43a7a11803ba47bcc22"
  integrity sha512-n4hc2DXXdEfWKXj7HNV3cOsD2tc09/Pp5gZ6LWap0eB0iQRgQIWsLAGSyJiMkXXjrejbm2FhSSj3DCyfJ3cCUw==

marked@^2.0.1:
  version "2.0.1"
  resolved "https://registry.yarnpkg.com/marked/-/marked-2.0.1.tgz#5e7ed7009bfa5c95182e4eb696f85e948cefcee3"
  integrity sha512-5+/fKgMv2hARmMW7DOpykr2iLhl0NgjyELk5yn92iE7z8Se1IS9n3UsFm86hFXIkvMBmVxki8+ckcpjBeyo/hw==

prettier@^1.18.2:
  version "1.19.1"
  resolved "https://registry.yarnpkg.com/prettier/-/prettier-1.19.1.tgz#f7d7f5ff8a9cd872a7be4ca142095956a60797cb"
  integrity sha512-s7PoyDv/II1ObgQunCbB9PdLmUcBZcnWOcxDh7O0N/UwDEsHyqkW+Qh28jW+mVuCdx7gLB0BotYI1Y6uI9iyew==
